// !$*UTF8*$!
{
	archiveVersion = 1;
	classes = {
	};
	objectVersion = 50;
	objects = {

/* Begin PBXBuildFile section */
		36A13E6121F2B02500E3D5F9 /* AppDelegate.swift in Sources */ = {isa = PBXBuildFile; fileRef = 36A13E6021F2B02500E3D5F9 /* AppDelegate.swift */; };
		36A13E6321F2B02500E3D5F9 /* ViewController.swift in Sources */ = {isa = PBXBuildFile; fileRef = 36A13E6221F2B02500E3D5F9 /* ViewController.swift */; };
		36A13E6621F2B02500E3D5F9 /* Main.storyboard in Resources */ = {isa = PBXBuildFile; fileRef = 36A13E6421F2B02500E3D5F9 /* Main.storyboard */; };
		36A13E6821F2B02600E3D5F9 /* Assets.xcassets in Resources */ = {isa = PBXBuildFile; fileRef = 36A13E6721F2B02600E3D5F9 /* Assets.xcassets */; };
		36A13E6B21F2B02600E3D5F9 /* LaunchScreen.storyboard in Resources */ = {isa = PBXBuildFile; fileRef = 36A13E6921F2B02600E3D5F9 /* LaunchScreen.storyboard */; };
		36A13E8821F2CB1A00E3D5F9 /* ZinniaCocoaTouch.framework in Frameworks */ = {isa = PBXBuildFile; fileRef = 36A13E7C21F2C99500E3D5F9 /* ZinniaCocoaTouch.framework */; };
		36A13E8A21F2CC1B00E3D5F9 /* ZinniaCocoaTouch.framework in CopyFiles */ = {isa = PBXBuildFile; fileRef = 36A13E7C21F2C99500E3D5F9 /* ZinniaCocoaTouch.framework */; settings = {ATTRIBUTES = (CodeSignOnCopy, RemoveHeadersOnCopy, ); }; };
		36A13E9021F47DC000E3D5F9 /* DrawableView.swift in Sources */ = {isa = PBXBuildFile; fileRef = 36A13E8F21F47DC000E3D5F9 /* DrawableView.swift */; };
		36A13E9221F47DC800E3D5F9 /* HandwritingViewModel.swift in Sources */ = {isa = PBXBuildFile; fileRef = 36A13E9121F47DC800E3D5F9 /* HandwritingViewModel.swift */; };
		36A13E9621F4856F00E3D5F9 /* HandwritingCollectionViewCell.swift in Sources */ = {isa = PBXBuildFile; fileRef = 36A13E9521F4856F00E3D5F9 /* HandwritingCollectionViewCell.swift */; };
/* End PBXBuildFile section */

/* Begin PBXContainerItemProxy section */
		36A13E7B21F2C99500E3D5F9 /* PBXContainerItemProxy */ = {
			isa = PBXContainerItemProxy;
			containerPortal = 36A13E7321F2C99400E3D5F9 /* ZinniaCocoaTouch.xcodeproj */;
			proxyType = 2;
			remoteGlobalIDString = B72741D41AA5643900914B7C;
			remoteInfo = ZinniaCocoaTouch;
		};
		36A13E7D21F2C99500E3D5F9 /* PBXContainerItemProxy */ = {
			isa = PBXContainerItemProxy;
			containerPortal = 36A13E7321F2C99400E3D5F9 /* ZinniaCocoaTouch.xcodeproj */;
			proxyType = 2;
			remoteGlobalIDString = B72741DF1AA5643900914B7C;
			remoteInfo = ZinniaCocoaTouchTests;
		};
		36A13E7F21F2C99500E3D5F9 /* PBXContainerItemProxy */ = {
			isa = PBXContainerItemProxy;
			containerPortal = 36A13E7321F2C99400E3D5F9 /* ZinniaCocoaTouch.xcodeproj */;
			proxyType = 2;
			remoteGlobalIDString = B725FBD01B05BD76002AAB18;
			remoteInfo = ZinniaCocoa;
		};
		36A13E8121F2C99500E3D5F9 /* PBXContainerItemProxy */ = {
			isa = PBXContainerItemProxy;
			containerPortal = 36A13E7321F2C99400E3D5F9 /* ZinniaCocoaTouch.xcodeproj */;
			proxyType = 2;
			remoteGlobalIDString = B725FBDA1B05BD76002AAB18;
			remoteInfo = ZinniaCocoaTests;
		};
		36A13E8321F2C99500E3D5F9 /* PBXContainerItemProxy */ = {
			isa = PBXContainerItemProxy;
			containerPortal = 36A13E7321F2C99400E3D5F9 /* ZinniaCocoaTouch.xcodeproj */;
			proxyType = 2;
			remoteGlobalIDString = 5A94D6551F8E17E000234437;
			remoteInfo = ZinniaCocoaWatch;
		};
		36A13E8521F2CAAA00E3D5F9 /* PBXContainerItemProxy */ = {
			isa = PBXContainerItemProxy;
			containerPortal = 36A13E7321F2C99400E3D5F9 /* ZinniaCocoaTouch.xcodeproj */;
			proxyType = 1;
			remoteGlobalIDString = B72741D31AA5643900914B7C;
			remoteInfo = ZinniaCocoaTouch;
		};
/* End PBXContainerItemProxy section */

/* Begin PBXCopyFilesBuildPhase section */
		36A13E8921F2CC0400E3D5F9 /* CopyFiles */ = {
			isa = PBXCopyFilesBuildPhase;
			buildActionMask = 2147483647;
			dstPath = "";
			dstSubfolderSpec = 10;
			files = (
				36A13E8A21F2CC1B00E3D5F9 /* ZinniaCocoaTouch.framework in CopyFiles */,
			);
			runOnlyForDeploymentPostprocessing = 0;
		};
/* End PBXCopyFilesBuildPhase section */

/* Begin PBXFileReference section */
		36A13E5D21F2B02500E3D5F9 /* kanji-handwriting-swift.app */ = {isa = PBXFileReference; explicitFileType = wrapper.application; includeInIndex = 0; path = "kanji-handwriting-swift.app"; sourceTree = BUILT_PRODUCTS_DIR; };
		36A13E6021F2B02500E3D5F9 /* AppDelegate.swift */ = {isa = PBXFileReference; lastKnownFileType = sourcecode.swift; path = AppDelegate.swift; sourceTree = "<group>"; };
		36A13E6221F2B02500E3D5F9 /* ViewController.swift */ = {isa = PBXFileReference; lastKnownFileType = sourcecode.swift; path = ViewController.swift; sourceTree = "<group>"; };
		36A13E6521F2B02500E3D5F9 /* Base */ = {isa = PBXFileReference; lastKnownFileType = file.storyboard; name = Base; path = Base.lproj/Main.storyboard; sourceTree = "<group>"; };
		36A13E6721F2B02600E3D5F9 /* Assets.xcassets */ = {isa = PBXFileReference; lastKnownFileType = folder.assetcatalog; path = Assets.xcassets; sourceTree = "<group>"; };
		36A13E6A21F2B02600E3D5F9 /* Base */ = {isa = PBXFileReference; lastKnownFileType = file.storyboard; name = Base; path = Base.lproj/LaunchScreen.storyboard; sourceTree = "<group>"; };
		36A13E6C21F2B02600E3D5F9 /* Info.plist */ = {isa = PBXFileReference; lastKnownFileType = text.plist.xml; path = Info.plist; sourceTree = "<group>"; };
		36A13E7321F2C99400E3D5F9 /* ZinniaCocoaTouch.xcodeproj */ = {isa = PBXFileReference; lastKnownFileType = "wrapper.pb-project"; name = ZinniaCocoaTouch.xcodeproj; path = Zinnia/ZinniaCocoaTouch.xcodeproj; sourceTree = "<group>"; };
		36A13E8F21F47DC000E3D5F9 /* DrawableView.swift */ = {isa = PBXFileReference; fileEncoding = 4; lastKnownFileType = sourcecode.swift; path = DrawableView.swift; sourceTree = "<group>"; };
		36A13E9121F47DC800E3D5F9 /* HandwritingViewModel.swift */ = {isa = PBXFileReference; fileEncoding = 4; lastKnownFileType = sourcecode.swift; path = HandwritingViewModel.swift; sourceTree = "<group>"; };
		36A13E9521F4856F00E3D5F9 /* HandwritingCollectionViewCell.swift */ = {isa = PBXFileReference; fileEncoding = 4; lastKnownFileType = sourcecode.swift; path = HandwritingCollectionViewCell.swift; sourceTree = "<group>"; };
		36A13E9821F48ECB00E3D5F9 /* Bridging-Header.h */ = {isa = PBXFileReference; lastKnownFileType = sourcecode.c.h; path = "Bridging-Header.h"; sourceTree = "<group>"; };
/* End PBXFileReference section */

/* Begin PBXFrameworksBuildPhase section */
		36A13E5A21F2B02500E3D5F9 /* Frameworks */ = {
			isa = PBXFrameworksBuildPhase;
			buildActionMask = 2147483647;
			files = (
				36A13E8821F2CB1A00E3D5F9 /* ZinniaCocoaTouch.framework in Frameworks */,
			);
			runOnlyForDeploymentPostprocessing = 0;
		};
/* End PBXFrameworksBuildPhase section */

/* Begin PBXGroup section */
		36A13E5421F2B02500E3D5F9 = {
			isa = PBXGroup;
			children = (
				36A13E8B21F476C900E3D5F9 /* SupportingFiles */,
				36A13E7321F2C99400E3D5F9 /* ZinniaCocoaTouch.xcodeproj */,
				36A13E5F21F2B02500E3D5F9 /* kanji-handwriting-swift */,
				36A13E5E21F2B02500E3D5F9 /* Products */,
				36A13E8721F2CB1A00E3D5F9 /* Frameworks */,
			);
			sourceTree = "<group>";
		};
		36A13E5E21F2B02500E3D5F9 /* Products */ = {
			isa = PBXGroup;
			children = (
				36A13E5D21F2B02500E3D5F9 /* kanji-handwriting-swift.app */,
			);
			name = Products;
			sourceTree = "<group>";
		};
		36A13E5F21F2B02500E3D5F9 /* kanji-handwriting-swift */ = {
			isa = PBXGroup;
			children = (
				36A13E8E21F47D5700E3D5F9 /* ViewModels */,
				36A13E8D21F47D4C00E3D5F9 /* Views */,
				36A13E6021F2B02500E3D5F9 /* AppDelegate.swift */,
				36A13E6221F2B02500E3D5F9 /* ViewController.swift */,
				36A13E6421F2B02500E3D5F9 /* Main.storyboard */,
				36A13E6721F2B02600E3D5F9 /* Assets.xcassets */,
				36A13E6921F2B02600E3D5F9 /* LaunchScreen.storyboard */,
				36A13E6C21F2B02600E3D5F9 /* Info.plist */,
			);
			path = "kanji-handwriting-swift";
			sourceTree = "<group>";
		};
		36A13E7421F2C99400E3D5F9 /* Products */ = {
			isa = PBXGroup;
			children = (
				36A13E7C21F2C99500E3D5F9 /* ZinniaCocoaTouch.framework */,
				36A13E7E21F2C99500E3D5F9 /* ZinniaCocoaTouchTests.xctest */,
				36A13E8021F2C99500E3D5F9 /* ZinniaCocoa.framework */,
				36A13E8221F2C99500E3D5F9 /* ZinniaCocoaTests.xctest */,
				36A13E8421F2C99500E3D5F9 /* ZinniaCocoaWatch.framework */,
			);
			name = Products;
			sourceTree = "<group>";
		};
		36A13E8721F2CB1A00E3D5F9 /* Frameworks */ = {
			isa = PBXGroup;
			children = (
			);
			name = Frameworks;
			sourceTree = "<group>";
		};
		36A13E8B21F476C900E3D5F9 /* SupportingFiles */ = {
			isa = PBXGroup;
			children = (
				36A13E9821F48ECB00E3D5F9 /* Bridging-Header.h */,
			);
			path = SupportingFiles;
			sourceTree = "<group>";
		};
		36A13E8D21F47D4C00E3D5F9 /* Views */ = {
			isa = PBXGroup;
			children = (
				36A13E9521F4856F00E3D5F9 /* HandwritingCollectionViewCell.swift */,
				36A13E8F21F47DC000E3D5F9 /* DrawableView.swift */,
			);
			path = Views;
			sourceTree = "<group>";
		};
		36A13E8E21F47D5700E3D5F9 /* ViewModels */ = {
			isa = PBXGroup;
			children = (
				36A13E9121F47DC800E3D5F9 /* HandwritingViewModel.swift */,
			);
			path = ViewModels;
			sourceTree = "<group>";
		};
/* End PBXGroup section */

/* Begin PBXNativeTarget section */
		36A13E5C21F2B02500E3D5F9 /* kanji-handwriting-swift */ = {
			isa = PBXNativeTarget;
			buildConfigurationList = 36A13E6F21F2B02600E3D5F9 /* Build configuration list for PBXNativeTarget "kanji-handwriting-swift" */;
			buildPhases = (
				36A13E5921F2B02500E3D5F9 /* Sources */,
				36A13E5A21F2B02500E3D5F9 /* Frameworks */,
				36A13E5B21F2B02500E3D5F9 /* Resources */,
				36A13E8921F2CC0400E3D5F9 /* CopyFiles */,
			);
			buildRules = (
			);
			dependencies = (
				36A13E8621F2CAAA00E3D5F9 /* PBXTargetDependency */,
			);
			name = "kanji-handwriting-swift";
			productName = "kanji-handwriting-swift";
			productReference = 36A13E5D21F2B02500E3D5F9 /* kanji-handwriting-swift.app */;
			productType = "com.apple.product-type.application";
		};
/* End PBXNativeTarget section */

/* Begin PBXProject section */
		36A13E5521F2B02500E3D5F9 /* Project object */ = {
			isa = PBXProject;
			attributes = {
				LastSwiftUpdateCheck = 1010;
				LastUpgradeCheck = 1010;
				ORGANIZATIONNAME = "Nguyễn Anh Tuấn";
				TargetAttributes = {
					36A13E5C21F2B02500E3D5F9 = {
						CreatedOnToolsVersion = 10.1;
					};
				};
			};
			buildConfigurationList = 36A13E5821F2B02500E3D5F9 /* Build configuration list for PBXProject "kanji-handwriting-swift" */;
			compatibilityVersion = "Xcode 9.3";
			developmentRegion = en;
			hasScannedForEncodings = 0;
			knownRegions = (
				en,
				Base,
			);
			mainGroup = 36A13E5421F2B02500E3D5F9;
			productRefGroup = 36A13E5E21F2B02500E3D5F9 /* Products */;
			projectDirPath = "";
			projectReferences = (
				{
					ProductGroup = 36A13E7421F2C99400E3D5F9 /* Products */;
					ProjectRef = 36A13E7321F2C99400E3D5F9 /* ZinniaCocoaTouch.xcodeproj */;
				},
			);
			projectRoot = "";
			targets = (
				36A13E5C21F2B02500E3D5F9 /* kanji-handwriting-swift */,
			);
		};
/* End PBXProject section */

/* Begin PBXReferenceProxy section */
		36A13E7C21F2C99500E3D5F9 /* ZinniaCocoaTouch.framework */ = {
			isa = PBXReferenceProxy;
			fileType = wrapper.framework;
			path = ZinniaCocoaTouch.framework;
			remoteRef = 36A13E7B21F2C99500E3D5F9 /* PBXContainerItemProxy */;
			sourceTree = BUILT_PRODUCTS_DIR;
		};
		36A13E7E21F2C99500E3D5F9 /* ZinniaCocoaTouchTests.xctest */ = {
			isa = PBXReferenceProxy;
			fileType = wrapper.cfbundle;
			path = ZinniaCocoaTouchTests.xctest;
			remoteRef = 36A13E7D21F2C99500E3D5F9 /* PBXContainerItemProxy */;
			sourceTree = BUILT_PRODUCTS_DIR;
		};
		36A13E8021F2C99500E3D5F9 /* ZinniaCocoa.framework */ = {
			isa = PBXReferenceProxy;
			fileType = wrapper.framework;
			path = ZinniaCocoa.framework;
			remoteRef = 36A13E7F21F2C99500E3D5F9 /* PBXContainerItemProxy */;
			sourceTree = BUILT_PRODUCTS_DIR;
		};
		36A13E8221F2C99500E3D5F9 /* ZinniaCocoaTests.xctest */ = {
			isa = PBXReferenceProxy;
			fileType = wrapper.cfbundle;
			path = ZinniaCocoaTests.xctest;
			remoteRef = 36A13E8121F2C99500E3D5F9 /* PBXContainerItemProxy */;
			sourceTree = BUILT_PRODUCTS_DIR;
		};
		36A13E8421F2C99500E3D5F9 /* ZinniaCocoaWatch.framework */ = {
			isa = PBXReferenceProxy;
			fileType = wrapper.framework;
			path = ZinniaCocoaWatch.framework;
			remoteRef = 36A13E8321F2C99500E3D5F9 /* PBXContainerItemProxy */;
			sourceTree = BUILT_PRODUCTS_DIR;
		};
/* End PBXReferenceProxy section */

/* Begin PBXResourcesBuildPhase section */
		36A13E5B21F2B02500E3D5F9 /* Resources */ = {
			isa = PBXResourcesBuildPhase;
			buildActionMask = 2147483647;
			files = (
				36A13E6B21F2B02600E3D5F9 /* LaunchScreen.storyboard in Resources */,
				36A13E6821F2B02600E3D5F9 /* Assets.xcassets in Resources */,
				36A13E6621F2B02500E3D5F9 /* Main.storyboard in Resources */,
			);
			runOnlyForDeploymentPostprocessing = 0;
		};
/* End PBXResourcesBuildPhase section */

/* Begin PBXSourcesBuildPhase section */
		36A13E5921F2B02500E3D5F9 /* Sources */ = {
			isa = PBXSourcesBuildPhase;
			buildActionMask = 2147483647;
			files = (
				36A13E9221F47DC800E3D5F9 /* HandwritingViewModel.swift in Sources */,
				36A13E9021F47DC000E3D5F9 /* DrawableView.swift in Sources */,
				36A13E6321F2B02500E3D5F9 /* ViewController.swift in Sources */,
				36A13E6121F2B02500E3D5F9 /* AppDelegate.swift in Sources */,
				36A13E9621F4856F00E3D5F9 /* HandwritingCollectionViewCell.swift in Sources */,
			);
			runOnlyForDeploymentPostprocessing = 0;
		};
/* End PBXSourcesBuildPhase section */

/* Begin PBXTargetDependency section */
		36A13E8621F2CAAA00E3D5F9 /* PBXTargetDependency */ = {
			isa = PBXTargetDependency;
			name = ZinniaCocoaTouch;
			targetProxy = 36A13E8521F2CAAA00E3D5F9 /* PBXContainerItemProxy */;
		};
/* End PBXTargetDependency section */

/* Begin PBXVariantGroup section */
		36A13E6421F2B02500E3D5F9 /* Main.storyboard */ = {
			isa = PBXVariantGroup;
			children = (
				36A13E6521F2B02500E3D5F9 /* Base */,
			);
			name = Main.storyboard;
			sourceTree = "<group>";
		};
		36A13E6921F2B02600E3D5F9 /* LaunchScreen.storyboard */ = {
			isa = PBXVariantGroup;
			children = (
				36A13E6A21F2B02600E3D5F9 /* Base */,
			);
			name = LaunchScreen.storyboard;
			sourceTree = "<group>";
		};
/* End PBXVariantGroup section */

/* Begin XCBuildConfiguration section */
		36A13E6D21F2B02600E3D5F9 /* Debug */ = {
			isa = XCBuildConfiguration;
			buildSettings = {
				ALWAYS_SEARCH_USER_PATHS = NO;
				CLANG_ANALYZER_NONNULL = YES;
				CLANG_ANALYZER_NUMBER_OBJECT_CONVERSION = YES_AGGRESSIVE;
				CLANG_CXX_LANGUAGE_STANDARD = "gnu++14";
				CLANG_CXX_LIBRARY = "libc++";
				CLANG_ENABLE_MODULES = YES;
				CLANG_ENABLE_OBJC_ARC = YES;
				CLANG_ENABLE_OBJC_WEAK = YES;
				CLANG_WARN_BLOCK_CAPTURE_AUTORELEASING = YES;
				CLANG_WARN_BOOL_CONVERSION = YES;
				CLANG_WARN_COMMA = YES;
				CLANG_WARN_CONSTANT_CONVERSION = YES;
				CLANG_WARN_DEPRECATED_OBJC_IMPLEMENTATIONS = YES;
				CLANG_WARN_DIRECT_OBJC_ISA_USAGE = YES_ERROR;
				CLANG_WARN_DOCUMENTATION_COMMENTS = YES;
				CLANG_WARN_EMPTY_BODY = YES;
				CLANG_WARN_ENUM_CONVERSION = YES;
				CLANG_WARN_INFINITE_RECURSION = YES;
				CLANG_WARN_INT_CONVERSION = YES;
				CLANG_WARN_NON_LITERAL_NULL_CONVERSION = YES;
				CLANG_WARN_OBJC_IMPLICIT_RETAIN_SELF = YES;
				CLANG_WARN_OBJC_LITERAL_CONVERSION = YES;
				CLANG_WARN_OBJC_ROOT_CLASS = YES_ERROR;
				CLANG_WARN_RANGE_LOOP_ANALYSIS = YES;
				CLANG_WARN_STRICT_PROTOTYPES = YES;
				CLANG_WARN_SUSPICIOUS_MOVE = YES;
				CLANG_WARN_UNGUARDED_AVAILABILITY = YES_AGGRESSIVE;
				CLANG_WARN_UNREACHABLE_CODE = YES;
				CLANG_WARN__DUPLICATE_METHOD_MATCH = YES;
				CODE_SIGN_IDENTITY = "iPhone Developer";
				COPY_PHASE_STRIP = NO;
				DEBUG_INFORMATION_FORMAT = dwarf;
				ENABLE_STRICT_OBJC_MSGSEND = YES;
				ENABLE_TESTABILITY = YES;
				GCC_C_LANGUAGE_STANDARD = gnu11;
				GCC_DYNAMIC_NO_PIC = NO;
				GCC_NO_COMMON_BLOCKS = YES;
				GCC_OPTIMIZATION_LEVEL = 0;
				GCC_PREPROCESSOR_DEFINITIONS = (
					"DEBUG=1",
					"$(inherited)",
				);
				GCC_WARN_64_TO_32_BIT_CONVERSION = YES;
				GCC_WARN_ABOUT_RETURN_TYPE = YES_ERROR;
				GCC_WARN_UNDECLARED_SELECTOR = YES;
				GCC_WARN_UNINITIALIZED_AUTOS = YES_AGGRESSIVE;
				GCC_WARN_UNUSED_FUNCTION = YES;
				GCC_WARN_UNUSED_VARIABLE = YES;
				IPHONEOS_DEPLOYMENT_TARGET = 12.1;
				MTL_ENABLE_DEBUG_INFO = INCLUDE_SOURCE;
				MTL_FAST_MATH = YES;
				ONLY_ACTIVE_ARCH = YES;
				SDKROOT = iphoneos;
				SWIFT_ACTIVE_COMPILATION_CONDITIONS = DEBUG;
				SWIFT_OPTIMIZATION_LEVEL = "-Onone";
			};
			name = Debug;
		};
		36A13E6E21F2B02600E3D5F9 /* Release */ = {
			isa = XCBuildConfiguration;
			buildSettings = {
				ALWAYS_SEARCH_USER_PATHS = NO;
				CLANG_ANALYZER_NONNULL = YES;
				CLANG_ANALYZER_NUMBER_OBJECT_CONVERSION = YES_AGGRESSIVE;
				CLANG_CXX_LANGUAGE_STANDARD = "gnu++14";
				CLANG_CXX_LIBRARY = "libc++";
				CLANG_ENABLE_MODULES = YES;
				CLANG_ENABLE_OBJC_ARC = YES;
				CLANG_ENABLE_OBJC_WEAK = YES;
				CLANG_WARN_BLOCK_CAPTURE_AUTORELEASING = YES;
				CLANG_WARN_BOOL_CONVERSION = YES;
				CLANG_WARN_COMMA = YES;
				CLANG_WARN_CONSTANT_CONVERSION = YES;
				CLANG_WARN_DEPRECATED_OBJC_IMPLEMENTATIONS = YES;
				CLANG_WARN_DIRECT_OBJC_ISA_USAGE = YES_ERROR;
				CLANG_WARN_DOCUMENTATION_COMMENTS = YES;
				CLANG_WARN_EMPTY_BODY = YES;
				CLANG_WARN_ENUM_CONVERSION = YES;
				CLANG_WARN_INFINITE_RECURSION = YES;
				CLANG_WARN_INT_CONVERSION = YES;
				CLANG_WARN_NON_LITERAL_NULL_CONVERSION = YES;
				CLANG_WARN_OBJC_IMPLICIT_RETAIN_SELF = YES;
				CLANG_WARN_OBJC_LITERAL_CONVERSION = YES;
				CLANG_WARN_OBJC_ROOT_CLASS = YES_ERROR;
				CLANG_WARN_RANGE_LOOP_ANALYSIS = YES;
				CLANG_WARN_STRICT_PROTOTYPES = YES;
				CLANG_WARN_SUSPICIOUS_MOVE = YES;
				CLANG_WARN_UNGUARDED_AVAILABILITY = YES_AGGRESSIVE;
				CLANG_WARN_UNREACHABLE_CODE = YES;
				CLANG_WARN__DUPLICATE_METHOD_MATCH = YES;
				CODE_SIGN_IDENTITY = "iPhone Developer";
				COPY_PHASE_STRIP = NO;
				DEBUG_INFORMATION_FORMAT = "dwarf-with-dsym";
				ENABLE_NS_ASSERTIONS = NO;
				ENABLE_STRICT_OBJC_MSGSEND = YES;
				GCC_C_LANGUAGE_STANDARD = gnu11;
				GCC_NO_COMMON_BLOCKS = YES;
				GCC_WARN_64_TO_32_BIT_CONVERSION = YES;
				GCC_WARN_ABOUT_RETURN_TYPE = YES_ERROR;
				GCC_WARN_UNDECLARED_SELECTOR = YES;
				GCC_WARN_UNINITIALIZED_AUTOS = YES_AGGRESSIVE;
				GCC_WARN_UNUSED_FUNCTION = YES;
				GCC_WARN_UNUSED_VARIABLE = YES;
				IPHONEOS_DEPLOYMENT_TARGET = 12.1;
				MTL_ENABLE_DEBUG_INFO = NO;
				MTL_FAST_MATH = YES;
				SDKROOT = iphoneos;
				SWIFT_COMPILATION_MODE = wholemodule;
				SWIFT_OPTIMIZATION_LEVEL = "-O";
				VALIDATE_PRODUCT = YES;
			};
			name = Release;
		};
		36A13E7021F2B02600E3D5F9 /* Debug */ = {
			isa = XCBuildConfiguration;
			buildSettings = {
				ASSETCATALOG_COMPILER_APPICON_NAME = AppIcon;
				CODE_SIGN_STYLE = Automatic;
				INFOPLIST_FILE = "kanji-handwriting-swift/Info.plist";
				LD_RUNPATH_SEARCH_PATHS = (
					"$(inherited)",
					"@executable_path/Frameworks",
				);
				PRODUCT_BUNDLE_IDENTIFIER = "me.tuanna.kanji-handwriting-swift";
				PRODUCT_NAME = "$(TARGET_NAME)";
				SWIFT_OBJC_BRIDGING_HEADER = "SupportingFiles/Bridging-Header.h";
				SWIFT_VERSION = 4.2;
				TARGETED_DEVICE_FAMILY = "1,2";
			};
			name = Debug;
		};
		36A13E7121F2B02600E3D5F9 /* Release */ = {
			isa = XCBuildConfiguration;
			buildSettings = {
				ASSETCATALOG_COMPILER_APPICON_NAME = AppIcon;
				CODE_SIGN_STYLE = Automatic;
				INFOPLIST_FILE = "kanji-handwriting-swift/Info.plist";
				LD_RUNPATH_SEARCH_PATHS = (
					"$(inherited)",
					"@executable_path/Frameworks",
				);
				PRODUCT_BUNDLE_IDENTIFIER = "me.tuanna.kanji-handwriting-swift";
				PRODUCT_NAME = "$(TARGET_NAME)";
				SWIFT_OBJC_BRIDGING_HEADER = "SupportingFiles/Bridging-Header.h";
				SWIFT_VERSION = 4.2;
				TARGETED_DEVICE_FAMILY = "1,2";
			};
			name = Release;
		};
/* End XCBuildConfiguration section */

/* Begin XCConfigurationList section */
		36A13E5821F2B02500E3D5F9 /* Build configuration list for PBXProject "kanji-handwriting-swift" */ = {
			isa = XCConfigurationList;
			buildConfigurations = (
				36A13E6D21F2B02600E3D5F9 /* Debug */,
				36A13E6E21F2B02600E3D5F9 /* Release */,
			);
			defaultConfigurationIsVisible = 0;
			defaultConfigurationName = Release;
		};
		36A13E6F21F2B02600E3D5F9 /* Build configuration list for PBXNativeTarget "kanji-handwriting-swift" */ = {
			isa = XCConfigurationList;
			buildConfigurations = (
				36A13E7021F2B02600E3D5F9 /* Debug */,
				36A13E7121F2B02600E3D5F9 /* Release */,
			);
			defaultConfigurationIsVisible = 0;
			defaultConfigurationName = Release;
		};
/* End XCConfigurationList section */
	};
	rootObject = 36A13E5521F2B02500E3D5F9 /* Project object */;
}
